// !$*UTF8*$!
{
	archiveVersion = 1;
	classes = {
	};
	objectVersion = 50;
	objects = {

/* Begin PBXBuildFile section */
		6194A4F97D840589801B6224 /* MainViewController.m in Sources */ = {isa = PBXBuildFile; fileRef = 6194A545FB32CB38F8367BDA /* MainViewController.m */; };
		E62CB90832C39E72ED96FB50 /* libPods-mobile-smart-ios.a in Frameworks */ = {isa = PBXBuildFile; fileRef = 9D2A2C764DD171F2720C7161 /* libPods-mobile-smart-ios.a */; };
		F830C32E226604F200191FBE /* liblibrary-base-resource.bundle in Resources */ = {isa = PBXBuildFile; fileRef = F830C32D226604F200191FBE /* liblibrary-base-resource.bundle */; };
		F87D266222658A03009D468E /* AppDelegate.m in Sources */ = {isa = PBXBuildFile; fileRef = F87D266122658A03009D468E /* AppDelegate.m */; };
		F87D266A22658A04009D468E /* Assets.xcassets in Resources */ = {isa = PBXBuildFile; fileRef = F87D266922658A04009D468E /* Assets.xcassets */; };
		F87D266D22658A04009D468E /* LaunchScreen.storyboard in Resources */ = {isa = PBXBuildFile; fileRef = F87D266B22658A04009D468E /* LaunchScreen.storyboard */; };
		F87D267022658A05009D468E /* main.m in Sources */ = {isa = PBXBuildFile; fileRef = F87D266F22658A05009D468E /* main.m */; };
/* End PBXBuildFile section */

/* Begin PBXContainerItemProxy section */
		F85FCC052266239A00836118 /* PBXContainerItemProxy */ = {
			isa = PBXContainerItemProxy;
			containerPortal = F85FCC002266239900836118 /* library-base.xcodeproj */;
			proxyType = 2;
			remoteGlobalIDString = F87D269A2265B633009D468E;
			remoteInfo = "library-base";
		};
		F85FCC072266239A00836118 /* PBXContainerItemProxy */ = {
			isa = PBXContainerItemProxy;
			containerPortal = F85FCC002266239900836118 /* library-base.xcodeproj */;
			proxyType = 2;
			remoteGlobalIDString = F87D26C82265B842009D468E;
			remoteInfo = "library-base-resource";
		};
		F85FCC112267114E00836118 /* PBXContainerItemProxy */ = {
			isa = PBXContainerItemProxy;
			containerPortal = F85FCC002266239900836118 /* library-base.xcodeproj */;
			proxyType = 1;
			remoteGlobalIDString = F87D26992265B633009D468E;
			remoteInfo = "library-base";
		};
/* End PBXContainerItemProxy section */

/* Begin PBXFileReference section */
		6194A0028EC2BA28646EC5D8 /* MainViewController.h */ = {isa = PBXFileReference; fileEncoding = 4; lastKnownFileType = sourcecode.c.h; path = MainViewController.h; sourceTree = "<group>"; };
		6194A545FB32CB38F8367BDA /* MainViewController.m */ = {isa = PBXFileReference; fileEncoding = 4; lastKnownFileType = sourcecode.c.objc; path = MainViewController.m; sourceTree = "<group>"; };
		9D2A2C764DD171F2720C7161 /* libPods-mobile-smart-ios.a */ = {isa = PBXFileReference; explicitFileType = archive.ar; includeInIndex = 0; path = "libPods-mobile-smart-ios.a"; sourceTree = BUILT_PRODUCTS_DIR; };
		C5807A84E32295686E2F5CE4 /* Pods-mobile-smart-ios.debug.xcconfig */ = {isa = PBXFileReference; includeInIndex = 1; lastKnownFileType = text.xcconfig; name = "Pods-mobile-smart-ios.debug.xcconfig"; path = "Pods/Target Support Files/Pods-mobile-smart-ios/Pods-mobile-smart-ios.debug.xcconfig"; sourceTree = "<group>"; };
		D4621453025F2B1E3FCD7884 /* Pods-mobile-smart-ios.release.xcconfig */ = {isa = PBXFileReference; includeInIndex = 1; lastKnownFileType = text.xcconfig; name = "Pods-mobile-smart-ios.release.xcconfig"; path = "Pods/Target Support Files/Pods-mobile-smart-ios/Pods-mobile-smart-ios.release.xcconfig"; sourceTree = "<group>"; };
		F830C32D226604F200191FBE /* liblibrary-base-resource.bundle */ = {isa = PBXFileReference; lastKnownFileType = "wrapper.plug-in"; path = "liblibrary-base-resource.bundle"; sourceTree = "<group>"; };
		F85FCC002266239900836118 /* library-base.xcodeproj */ = {isa = PBXFileReference; lastKnownFileType = "wrapper.pb-project"; name = "library-base.xcodeproj"; path = "../dependencies/library-base/library-base.xcodeproj"; sourceTree = "<group>"; };
		F87D265D22658A03009D468E /* mobile-smart-ios.app */ = {isa = PBXFileReference; explicitFileType = wrapper.application; includeInIndex = 0; path = "mobile-smart-ios.app"; sourceTree = BUILT_PRODUCTS_DIR; };
		F87D266022658A03009D468E /* AppDelegate.h */ = {isa = PBXFileReference; lastKnownFileType = sourcecode.c.h; path = AppDelegate.h; sourceTree = "<group>"; };
		F87D266122658A03009D468E /* AppDelegate.m */ = {isa = PBXFileReference; lastKnownFileType = sourcecode.c.objc; path = AppDelegate.m; sourceTree = "<group>"; };
		F87D266922658A04009D468E /* Assets.xcassets */ = {isa = PBXFileReference; lastKnownFileType = folder.assetcatalog; path = Assets.xcassets; sourceTree = "<group>"; };
		F87D266C22658A04009D468E /* Base */ = {isa = PBXFileReference; lastKnownFileType = file.storyboard; name = Base; path = Base.lproj/LaunchScreen.storyboard; sourceTree = "<group>"; };
		F87D266E22658A05009D468E /* Info.plist */ = {isa = PBXFileReference; lastKnownFileType = text.plist.xml; path = Info.plist; sourceTree = "<group>"; };
		F87D266F22658A05009D468E /* main.m */ = {isa = PBXFileReference; lastKnownFileType = sourcecode.c.objc; path = main.m; sourceTree = "<group>"; };
		F87D26D02265C114009D468E /* liblibrary-base.a */ = {isa = PBXFileReference; explicitFileType = archive.ar; path = "liblibrary-base.a"; sourceTree = BUILT_PRODUCTS_DIR; };
/* End PBXFileReference section */

/* Begin PBXFrameworksBuildPhase section */
		F87D265A22658A03009D468E /* Frameworks */ = {
			isa = PBXFrameworksBuildPhase;
			buildActionMask = 2147483647;
			files = (
				E62CB90832C39E72ED96FB50 /* libPods-mobile-smart-ios.a in Frameworks */,
			);
			runOnlyForDeploymentPostprocessing = 0;
		};
/* End PBXFrameworksBuildPhase section */

/* Begin PBXGroup section */
		2543D9D8436FE71E30376A18 /* Pods */ = {
			isa = PBXGroup;
			children = (
				C5807A84E32295686E2F5CE4 /* Pods-mobile-smart-ios.debug.xcconfig */,
				D4621453025F2B1E3FCD7884 /* Pods-mobile-smart-ios.release.xcconfig */,
			);
			name = Pods;
			sourceTree = "<group>";
		};
		6194A01824625564A6D22749 /* module-mine */ = {
			isa = PBXGroup;
			children = (
			);
			path = "module-mine";
			sourceTree = "<group>";
		};
		6194A1BDCF6F6D69AF2E645E /* modules */ = {
			isa = PBXGroup;
			children = (
				6194AA2DEC405AEBE20ED7D6 /* module-main */,
				6194A01824625564A6D22749 /* module-mine */,
			);
			path = modules;
			sourceTree = "<group>";
		};
		6194AA2DEC405AEBE20ED7D6 /* module-main */ = {
			isa = PBXGroup;
			children = (
				6194A545FB32CB38F8367BDA /* MainViewController.m */,
				6194A0028EC2BA28646EC5D8 /* MainViewController.h */,
			);
			path = "module-main";
			sourceTree = "<group>";
		};
		6194AD8A5883FE8937546E07 /* bundles */ = {
			isa = PBXGroup;
			children = (
				F830C32D226604F200191FBE /* liblibrary-base-resource.bundle */,
			);
			path = bundles;
			sourceTree = "<group>";
		};
		D90B7C907A4791605C57DBA9 /* Frameworks */ = {
			isa = PBXGroup;
			children = (
				F87D26D02265C114009D468E /* liblibrary-base.a */,
				9D2A2C764DD171F2720C7161 /* libPods-mobile-smart-ios.a */,
			);
			name = Frameworks;
			sourceTree = "<group>";
		};
		F85FCBFF2266236F00836118 /* dependencies */ = {
			isa = PBXGroup;
			children = (
				F85FCC002266239900836118 /* library-base.xcodeproj */,
			);
			name = dependencies;
			sourceTree = "<group>";
		};
		F85FCC012266239900836118 /* Products */ = {
			isa = PBXGroup;
			children = (
				F85FCC062266239A00836118 /* liblibrary-base.a */,
				F85FCC082266239A00836118 /* liblibrary-base-resource.bundle */,
			);
			name = Products;
			sourceTree = "<group>";
		};
		F87D265422658A03009D468E = {
			isa = PBXGroup;
			children = (
				F85FCBFF2266236F00836118 /* dependencies */,
				F87D265F22658A03009D468E /* mobile-smart-ios */,
				F87D265E22658A03009D468E /* Products */,
				2543D9D8436FE71E30376A18 /* Pods */,
				D90B7C907A4791605C57DBA9 /* Frameworks */,
				6194A1BDCF6F6D69AF2E645E /* modules */,
				6194AD8A5883FE8937546E07 /* bundles */,
			);
			sourceTree = "<group>";
		};
		F87D265E22658A03009D468E /* Products */ = {
			isa = PBXGroup;
			children = (
				F87D265D22658A03009D468E /* mobile-smart-ios.app */,
			);
			name = Products;
			sourceTree = "<group>";
		};
		F87D265F22658A03009D468E /* mobile-smart-ios */ = {
			isa = PBXGroup;
			children = (
				F87D266022658A03009D468E /* AppDelegate.h */,
				F87D266122658A03009D468E /* AppDelegate.m */,
				F87D266922658A04009D468E /* Assets.xcassets */,
				F87D266B22658A04009D468E /* LaunchScreen.storyboard */,
				F87D266E22658A05009D468E /* Info.plist */,
				F87D266F22658A05009D468E /* main.m */,
			);
			path = "mobile-smart-ios";
			sourceTree = "<group>";
		};
/* End PBXGroup section */

/* Begin PBXNativeTarget section */
		F87D265C22658A03009D468E /* mobile-smart-ios */ = {
			isa = PBXNativeTarget;
			buildConfigurationList = F87D267322658A05009D468E /* Build configuration list for PBXNativeTarget "mobile-smart-ios" */;
			buildPhases = (
				5C62EACE2F4AD66A9334C3A7 /* [CP] Check Pods Manifest.lock */,
				F87D265922658A03009D468E /* Sources */,
				F87D265A22658A03009D468E /* Frameworks */,
				F87D265B22658A03009D468E /* Resources */,
			);
			buildRules = (
			);
			dependencies = (
				F85FCC122267114E00836118 /* PBXTargetDependency */,
			);
			name = "mobile-smart-ios";
			productName = "mobile-smart-ios";
			productReference = F87D265D22658A03009D468E /* mobile-smart-ios.app */;
			productType = "com.apple.product-type.application";
		};
/* End PBXNativeTarget section */

/* Begin PBXProject section */
		F87D265522658A03009D468E /* Project object */ = {
			isa = PBXProject;
			attributes = {
				LastUpgradeCheck = 1020;
				ORGANIZATIONNAME = smart;
				TargetAttributes = {
					F87D265C22658A03009D468E = {
						CreatedOnToolsVersion = 10.2;
					};
				};
			};
			buildConfigurationList = F87D265822658A03009D468E /* Build configuration list for PBXProject "mobile-smart-ios" */;
			compatibilityVersion = "Xcode 9.3";
			developmentRegion = en;
			hasScannedForEncodings = 0;
			knownRegions = (
				en,
				Base,
			);
			mainGroup = F87D265422658A03009D468E;
			productRefGroup = F87D265E22658A03009D468E /* Products */;
			projectDirPath = "";
			projectReferences = (
				{
					ProductGroup = F85FCC012266239900836118 /* Products */;
					ProjectRef = F85FCC002266239900836118 /* library-base.xcodeproj */;
				},
			);
			projectRoot = "";
			targets = (
				F87D265C22658A03009D468E /* mobile-smart-ios */,
			);
		};
/* End PBXProject section */

/* Begin PBXReferenceProxy section */
		F85FCC062266239A00836118 /* liblibrary-base.a */ = {
			isa = PBXReferenceProxy;
			fileType = archive.ar;
			path = "liblibrary-base.a";
			remoteRef = F85FCC052266239A00836118 /* PBXContainerItemProxy */;
			sourceTree = BUILT_PRODUCTS_DIR;
		};
		F85FCC082266239A00836118 /* liblibrary-base-resource.bundle */ = {
			isa = PBXReferenceProxy;
			fileType = wrapper.cfbundle;
			path = "liblibrary-base-resource.bundle";
			remoteRef = F85FCC072266239A00836118 /* PBXContainerItemProxy */;
			sourceTree = BUILT_PRODUCTS_DIR;
		};
/* End PBXReferenceProxy section */

/* Begin PBXResourcesBuildPhase section */
		F87D265B22658A03009D468E /* Resources */ = {
			isa = PBXResourcesBuildPhase;
			buildActionMask = 2147483647;
			files = (
				F87D266D22658A04009D468E /* LaunchScreen.storyboard in Resources */,
				F87D266A22658A04009D468E /* Assets.xcassets in Resources */,
				F830C32E226604F200191FBE /* liblibrary-base-resource.bundle in Resources */,
			);
			runOnlyForDeploymentPostprocessing = 0;
		};
/* End PBXResourcesBuildPhase section */

/* Begin PBXShellScriptBuildPhase section */
		5C62EACE2F4AD66A9334C3A7 /* [CP] Check Pods Manifest.lock */ = {
			isa = PBXShellScriptBuildPhase;
			buildActionMask = 2147483647;
			files = (
			);
			inputFileListPaths = (
			);
			inputPaths = (
				"${PODS_PODFILE_DIR_PATH}/Podfile.lock",
				"${PODS_ROOT}/Manifest.lock",
			);
			name = "[CP] Check Pods Manifest.lock";
			outputFileListPaths = (
			);
			outputPaths = (
				"$(DERIVED_FILE_DIR)/Pods-mobile-smart-ios-checkManifestLockResult.txt",
			);
			runOnlyForDeploymentPostprocessing = 0;
			shellPath = /bin/sh;
			shellScript = "diff \"${PODS_PODFILE_DIR_PATH}/Podfile.lock\" \"${PODS_ROOT}/Manifest.lock\" > /dev/null\nif [ $? != 0 ] ; then\n    # print error to STDERR\n    echo \"error: The sandbox is not in sync with the Podfile.lock. Run 'pod install' or update your CocoaPods installation.\" >&2\n    exit 1\nfi\n# This output is used by Xcode 'outputs' to avoid re-running this script phase.\necho \"SUCCESS\" > \"${SCRIPT_OUTPUT_FILE_0}\"\n";
			showEnvVarsInLog = 0;
		};
/* End PBXShellScriptBuildPhase section */

/* Begin PBXSourcesBuildPhase section */
		F87D265922658A03009D468E /* Sources */ = {
			isa = PBXSourcesBuildPhase;
			buildActionMask = 2147483647;
			files = (
				F87D267022658A05009D468E /* main.m in Sources */,
				F87D266222658A03009D468E /* AppDelegate.m in Sources */,
				6194A4F97D840589801B6224 /* MainViewController.m in Sources */,
			);
			runOnlyForDeploymentPostprocessing = 0;
		};
/* End PBXSourcesBuildPhase section */

/* Begin PBXTargetDependency section */
		F85FCC122267114E00836118 /* PBXTargetDependency */ = {
			isa = PBXTargetDependency;
			name = "library-base";
			targetProxy = F85FCC112267114E00836118 /* PBXContainerItemProxy */;
		};
/* End PBXTargetDependency section */

/* Begin PBXVariantGroup section */
		F87D266B22658A04009D468E /* LaunchScreen.storyboard */ = {
			isa = PBXVariantGroup;
			children = (
				F87D266C22658A04009D468E /* Base */,
			);
			name = LaunchScreen.storyboard;
			sourceTree = "<group>";
		};
/* End PBXVariantGroup section */

/* Begin XCBuildConfiguration section */
		F87D267122658A05009D468E /* Debug */ = {
			isa = XCBuildConfiguration;
			buildSettings = {
				ALWAYS_SEARCH_USER_PATHS = NO;
				CLANG_ANALYZER_NONNULL = YES;
				CLANG_ANALYZER_NUMBER_OBJECT_CONVERSION = YES_AGGRESSIVE;
				CLANG_CXX_LANGUAGE_STANDARD = "gnu++14";
				CLANG_CXX_LIBRARY = "libc++";
				CLANG_ENABLE_MODULES = YES;
				CLANG_ENABLE_OBJC_ARC = YES;
				CLANG_ENABLE_OBJC_WEAK = YES;
				CLANG_WARN_BLOCK_CAPTURE_AUTORELEASING = YES;
				CLANG_WARN_BOOL_CONVERSION = YES;
				CLANG_WARN_COMMA = YES;
				CLANG_WARN_CONSTANT_CONVERSION = YES;
				CLANG_WARN_DEPRECATED_OBJC_IMPLEMENTATIONS = YES;
				CLANG_WARN_DIRECT_OBJC_ISA_USAGE = YES_ERROR;
				CLANG_WARN_DOCUMENTATION_COMMENTS = YES;
				CLANG_WARN_EMPTY_BODY = YES;
				CLANG_WARN_ENUM_CONVERSION = YES;
				CLANG_WARN_INFINITE_RECURSION = YES;
				CLANG_WARN_INT_CONVERSION = YES;
				CLANG_WARN_NON_LITERAL_NULL_CONVERSION = YES;
				CLANG_WARN_OBJC_IMPLICIT_RETAIN_SELF = YES;
				CLANG_WARN_OBJC_LITERAL_CONVERSION = YES;
				CLANG_WARN_OBJC_ROOT_CLASS = YES_ERROR;
				CLANG_WARN_RANGE_LOOP_ANALYSIS = YES;
				CLANG_WARN_STRICT_PROTOTYPES = YES;
				CLANG_WARN_SUSPICIOUS_MOVE = YES;
				CLANG_WARN_UNGUARDED_AVAILABILITY = YES_AGGRESSIVE;
				CLANG_WARN_UNREACHABLE_CODE = YES;
				CLANG_WARN__DUPLICATE_METHOD_MATCH = YES;
				CODE_SIGN_IDENTITY = "iPhone Developer";
				COPY_PHASE_STRIP = NO;
				DEBUG_INFORMATION_FORMAT = dwarf;
				ENABLE_STRICT_OBJC_MSGSEND = YES;
				ENABLE_TESTABILITY = YES;
				EXCLUDED_SOURCE_FILE_NAMES = "";
				GCC_C_LANGUAGE_STANDARD = gnu11;
				GCC_DYNAMIC_NO_PIC = NO;
				GCC_NO_COMMON_BLOCKS = YES;
				GCC_OPTIMIZATION_LEVEL = 0;
				GCC_PREPROCESSOR_DEFINITIONS = (
					"DEBUG=1",
					"$(inherited)",
				);
				GCC_WARN_64_TO_32_BIT_CONVERSION = YES;
				GCC_WARN_ABOUT_RETURN_TYPE = YES_ERROR;
				GCC_WARN_UNDECLARED_SELECTOR = YES;
				GCC_WARN_UNINITIALIZED_AUTOS = YES_AGGRESSIVE;
				GCC_WARN_UNUSED_FUNCTION = YES;
				GCC_WARN_UNUSED_VARIABLE = YES;
				IPHONEOS_DEPLOYMENT_TARGET = 12.2;
				LIBRARY_SEARCH_PATHS = "";
				MTL_ENABLE_DEBUG_INFO = INCLUDE_SOURCE;
				MTL_FAST_MATH = YES;
				ONLY_ACTIVE_ARCH = YES;
				OTHER_LDFLAGS = "";
				SDKROOT = iphoneos;
				USER_HEADER_SEARCH_PATHS = "";
			};
			name = Debug;
		};
		F87D267222658A05009D468E /* Release */ = {
			isa = XCBuildConfiguration;
			buildSettings = {
				ALWAYS_SEARCH_USER_PATHS = NO;
				CLANG_ANALYZER_NONNULL = YES;
				CLANG_ANALYZER_NUMBER_OBJECT_CONVERSION = YES_AGGRESSIVE;
				CLANG_CXX_LANGUAGE_STANDARD = "gnu++14";
				CLANG_CXX_LIBRARY = "libc++";
				CLANG_ENABLE_MODULES = YES;
				CLANG_ENABLE_OBJC_ARC = YES;
				CLANG_ENABLE_OBJC_WEAK = YES;
				CLANG_WARN_BLOCK_CAPTURE_AUTORELEASING = YES;
				CLANG_WARN_BOOL_CONVERSION = YES;
				CLANG_WARN_COMMA = YES;
				CLANG_WARN_CONSTANT_CONVERSION = YES;
				CLANG_WARN_DEPRECATED_OBJC_IMPLEMENTATIONS = YES;
				CLANG_WARN_DIRECT_OBJC_ISA_USAGE = YES_ERROR;
				CLANG_WARN_DOCUMENTATION_COMMENTS = YES;
				CLANG_WARN_EMPTY_BODY = YES;
				CLANG_WARN_ENUM_CONVERSION = YES;
				CLANG_WARN_INFINITE_RECURSION = YES;
				CLANG_WARN_INT_CONVERSION = YES;
				CLANG_WARN_NON_LITERAL_NULL_CONVERSION = YES;
				CLANG_WARN_OBJC_IMPLICIT_RETAIN_SELF = YES;
				CLANG_WARN_OBJC_LITERAL_CONVERSION = YES;
				CLANG_WARN_OBJC_ROOT_CLASS = YES_ERROR;
				CLANG_WARN_RANGE_LOOP_ANALYSIS = YES;
				CLANG_WARN_STRICT_PROTOTYPES = YES;
				CLANG_WARN_SUSPICIOUS_MOVE = YES;
				CLANG_WARN_UNGUARDED_AVAILABILITY = YES_AGGRESSIVE;
				CLANG_WARN_UNREACHABLE_CODE = YES;
				CLANG_WARN__DUPLICATE_METHOD_MATCH = YES;
				CODE_SIGN_IDENTITY = "iPhone Developer";
				COPY_PHASE_STRIP = NO;
				DEBUG_INFORMATION_FORMAT = "dwarf-with-dsym";
				ENABLE_NS_ASSERTIONS = NO;
				ENABLE_STRICT_OBJC_MSGSEND = YES;
				EXCLUDED_SOURCE_FILE_NAMES = "";
				GCC_C_LANGUAGE_STANDARD = gnu11;
				GCC_NO_COMMON_BLOCKS = YES;
				GCC_WARN_64_TO_32_BIT_CONVERSION = YES;
				GCC_WARN_ABOUT_RETURN_TYPE = YES_ERROR;
				GCC_WARN_UNDECLARED_SELECTOR = YES;
				GCC_WARN_UNINITIALIZED_AUTOS = YES_AGGRESSIVE;
				GCC_WARN_UNUSED_FUNCTION = YES;
				GCC_WARN_UNUSED_VARIABLE = YES;
				IPHONEOS_DEPLOYMENT_TARGET = 12.2;
				LIBRARY_SEARCH_PATHS = "";
				MTL_ENABLE_DEBUG_INFO = NO;
				MTL_FAST_MATH = YES;
				OTHER_LDFLAGS = "";
				SDKROOT = iphoneos;
				USER_HEADER_SEARCH_PATHS = "";
				VALIDATE_PRODUCT = YES;
			};
			name = Release;
		};
		F87D267422658A05009D468E /* Debug */ = {
			isa = XCBuildConfiguration;
			baseConfigurationReference = C5807A84E32295686E2F5CE4 /* Pods-mobile-smart-ios.debug.xcconfig */;
			buildSettings = {
				ASSETCATALOG_COMPILER_APPICON_NAME = AppIcon;
				CODE_SIGN_STYLE = Automatic;
				INFOPLIST_FILE = "mobile-smart-ios/Info.plist";
				LD_RUNPATH_SEARCH_PATHS = (
					"$(inherited)",
					"@executable_path/Frameworks",
				);
				LIBRARY_SEARCH_PATHS = (
					"$(inherited)",
					"\"${PODS_CONFIGURATION_BUILD_DIR}/AFNetworking\"",
					"\"${PODS_CONFIGURATION_BUILD_DIR}/SSZipArchive\"",
					"\"${PODS_ROOT}/UMCShare/UMShare/SocialLibraries/QQ\"",
					"\"${PODS_ROOT}/UMCShare/UMShare/SocialLibraries/Sina\"",
					"\"${PODS_ROOT}/UMCShare/UMShare/SocialLibraries/WeChat\"",
				);
				OTHER_LDFLAGS = (
					"$(inherited)",
					"-ObjC",
					"-l\"AFNetworking\"",
					"-l\"SSZipArchive\"",
					"-l\"SocialQQ\"",
					"-l\"SocialSina\"",
					"-l\"SocialWeChat\"",
					"-l\"c++\"",
					"-l\"sqlite3\"",
					"-l\"z\"",
					"-framework",
					"\"Bugly\"",
					"-framework",
					"\"CoreGraphics\"",
					"-framework",
					"\"CoreTelephony\"",
					"-framework",
					"\"MobileCoreServices\"",
					"-framework",
					"\"Photos\"",
					"-framework",
					"\"Security\"",
					"-framework",
					"\"SecurityEnvSDK\"",
					"-framework",
					"\"SystemConfiguration\"",
					"-framework",
					"\"UMCommon\"",
					"-framework",
					"\"UMShare\"",
					"-framework",
					"\"UTDID\"",
					"$(PROJECT_DIR)/../repo/$(CONFIGURATION)/liblibrary-base.a",
				);
				PRODUCT_BUNDLE_IDENTIFIER = "com.smart.mobile-smart-ios";
				PRODUCT_NAME = "$(TARGET_NAME)";
				TARGETED_DEVICE_FAMILY = "1,2";
				USER_HEADER_SEARCH_PATHS = "$(PROJECT_DIR)/../repo/$(CONFIGURATION)/liblibrary-base-headers/";
			};
			name = Debug;
		};
		F87D267522658A05009D468E /* Release */ = {
			isa = XCBuildConfiguration;
			baseConfigurationReference = D4621453025F2B1E3FCD7884 /* Pods-mobile-smart-ios.release.xcconfig */;
			buildSettings = {
				ASSETCATALOG_COMPILER_APPICON_NAME = AppIcon;
				CODE_SIGN_STYLE = Automatic;
				INFOPLIST_FILE = "mobile-smart-ios/Info.plist";
				LD_RUNPATH_SEARCH_PATHS = (
					"$(inherited)",
					"@executable_path/Frameworks",
				);
				LIBRARY_SEARCH_PATHS = (
					"$(inherited)",
					"\"${PODS_CONFIGURATION_BUILD_DIR}/AFNetworking\"",
					"\"${PODS_CONFIGURATION_BUILD_DIR}/SSZipArchive\"",
					"\"${PODS_ROOT}/UMCShare/UMShare/SocialLibraries/QQ\"",
					"\"${PODS_ROOT}/UMCShare/UMShare/SocialLibraries/Sina\"",
					"\"${PODS_ROOT}/UMCShare/UMShare/SocialLibraries/WeChat\"",
				);
				OTHER_LDFLAGS = (
					"$(inherited)",
					"-ObjC",
					"-l\"AFNetworking\"",
					"-l\"SSZipArchive\"",
					"-l\"SocialQQ\"",
					"-l\"SocialSina\"",
					"-l\"SocialWeChat\"",
					"-l\"c++\"",
					"-l\"sqlite3\"",
					"-l\"z\"",
					"-framework",
					"\"Bugly\"",
					"-framework",
					"\"CoreGraphics\"",
					"-framework",
					"\"CoreTelephony\"",
					"-framework",
					"\"MobileCoreServices\"",
					"-framework",
					"\"Photos\"",
					"-framework",
					"\"Security\"",
					"-framework",
					"\"SecurityEnvSDK\"",
					"-framework",
					"\"SystemConfiguration\"",
					"-framework",
					"\"UMCommon\"",
					"-framework",
					"\"UMShare\"",
					"-framework",
					"\"UTDID\"",
					"$(PROJECT_DIR)/../repo/$(CONFIGURATION)/liblibrary-base.a",
				);
				PRODUCT_BUNDLE_IDENTIFIER = "com.smart.mobile-smart-ios";
				PRODUCT_NAME = "$(TARGET_NAME)";
				TARGETED_DEVICE_FAMILY = "1,2";
				USER_HEADER_SEARCH_PATHS = "$(PROJECT_DIR)/../repo/$(CONFIGURATION)/liblibrary-base-headers/";
			};
			name = Release;
		};
/* End XCBuildConfiguration section */

/* Begin XCConfigurationList section */
		F87D265822658A03009D468E /* Build configuration list for PBXProject "mobile-smart-ios" */ = {
			isa = XCConfigurationList;
			buildConfigurations = (
				F87D267122658A05009D468E /* Debug */,
				F87D267222658A05009D468E /* Release */,
			);
			defaultConfigurationIsVisible = 0;
			defaultConfigurationName = Release;
		};
		F87D267322658A05009D468E /* Build configuration list for PBXNativeTarget "mobile-smart-ios" */ = {
			isa = XCConfigurationList;
			buildConfigurations = (
				F87D267422658A05009D468E /* Debug */,
				F87D267522658A05009D468E /* Release */,
			);
			defaultConfigurationIsVisible = 0;
			defaultConfigurationName = Release;
		};
/* End XCConfigurationList section */
	};
	rootObject = F87D265522658A03009D468E /* Project object */;
}
